
Microsoft Visual Studio Solution File, Format Version 12.00
# Visual Studio Version 16
VisualStudioVersion = 16.0.31605.320
MinimumVisualStudioVersion = 10.0.40219.1
Project("{FAE04EC0-301F-11D3-BF4B-00C04F79EFBC}") = "WebApplication1", "WebApplication1.csproj", "{A57B1D98-EACE-44AC-A679-8C0463E887B6}"
EndProject
Project("{FAE04EC0-301F-11D3-BF4B-00C04F79EFBC}") = "RMZUnitTesting", "..\RMZUnitTesting\RMZUnitTesting.csproj", "{16B3EE18-9D1C-423E-A801-37F086154974}"
EndProject
Global
	GlobalSection(SolutionConfigurationPlatforms) = preSolution
		Debug|Any CPU = Debug|Any CPU
		Release|Any CPU = Release|Any CPU
	EndGlobalSection
	GlobalSection(ProjectConfigurationPlatforms) = postSolution
		{A57B1D98-EACE-44AC-A679-8C0463E887B6}.Debug|Any CPU.ActiveCfg = Debug|Any CPU
		{A57B1D98-EACE-44AC-A679-8C0463E887B6}.Debug|Any CPU.Build.0 = Debug|Any CPU
		{A57B1D98-EACE-44AC-A679-8C0463E887B6}.Release|Any CPU.ActiveCfg = Release|Any CPU
		{A57B1D98-EACE-44AC-A679-8C0463E887B6}.Release|Any CPU.Build.0 = Release|Any CPU
		{16B3EE18-9D1C-423E-A801-37F086154974}.Debug|Any CPU.ActiveCfg = Debug|Any CPU
		{16B3EE18-9D1C-423E-A801-37F086154974}.Debug|Any CPU.Build.0 = Debug|Any CPU
		{16B3EE18-9D1C-423E-A801-37F086154974}.Release|Any CPU.ActiveCfg = Release|Any CPU
		{16B3EE18-9D1C-423E-A801-37F086154974}.Release|Any CPU.Build.0 = Release|Any CPU
	EndGlobalSection
	GlobalSection(SolutionProperties) = preSolution
		HideSolutionNode = FALSE
	EndGlobalSection
	GlobalSection(ExtensibilityGlobals) = postSolution
		SolutionGuid = {B0486211-7D41-4C83-BB2B-1468D6D7F707}
	EndGlobalSection
EndGlobal
